
Microsoft Visual Studio Solution File, Format Version 12.00
# Visual Studio Version 17
VisualStudioVersion = 17.5.33530.505
MinimumVisualStudioVersion = 10.0.40219.1
Project("{FAE04EC0-301F-11D3-BF4B-00C04F79EFBC}") = "BrainBoost", "BrainBoost\BrainBoost.csproj", "{AE9FF6CA-4DA6-499B-885C-F291A79545BA}"
EndProject
Global
	GlobalSection(SolutionConfigurationPlatforms) = preSolution
		Debug|Any CPU = Debug|Any CPU
		Release|Any CPU = Release|Any CPU
	EndGlobalSection
	GlobalSection(ProjectConfigurationPlatforms) = postSolution
		{AE9FF6CA-4DA6-499B-885C-F291A79545BA}.Debug|Any CPU.ActiveCfg = Debug|Any CPU
		{AE9FF6CA-4DA6-499B-885C-F291A79545BA}.Debug|Any CPU.Build.0 = Debug|Any CPU
		{AE9FF6CA-4DA6-499B-885C-F291A79545BA}.Release|Any CPU.ActiveCfg = Release|Any CPU
		{AE9FF6CA-4DA6-499B-885C-F291A79545BA}.Release|Any CPU.Build.0 = Release|Any CPU
	EndGlobalSection
	GlobalSection(SolutionProperties) = preSolution
		HideSolutionNode = FALSE
	EndGlobalSection
	GlobalSection(ExtensibilityGlobals) = postSolution
		SolutionGuid = {5FA6F89D-64AF-4620-9CEE-A95C973EACD6}
	EndGlobalSection
EndGlobal
